
Microsoft Visual Studio Solution File, Format Version 12.00
# Visual Studio Version 16
VisualStudioVersion = 16.0.32602.291
MinimumVisualStudioVersion = 10.0.40219.1
Project("{888888A0-9F3D-457C-B088-3A5042F75D52}") = "PythonLab3-4-1-13", "PythonLab3-4-1-13\PythonLab3-4-1-13.pyproj", "{6C2376AB-10B4-49F7-A168-560CBD56B06A}"
EndProject
Global
	GlobalSection(SolutionConfigurationPlatforms) = preSolution
		Debug|Any CPU = Debug|Any CPU
		Release|Any CPU = Release|Any CPU
	EndGlobalSection
	GlobalSection(ProjectConfigurationPlatforms) = postSolution
		{6C2376AB-10B4-49F7-A168-560CBD56B06A}.Debug|Any CPU.ActiveCfg = Debug|Any CPU
		{6C2376AB-10B4-49F7-A168-560CBD56B06A}.Release|Any CPU.ActiveCfg = Release|Any CPU
	EndGlobalSection
	GlobalSection(SolutionProperties) = preSolution
		HideSolutionNode = FALSE
	EndGlobalSection
	GlobalSection(ExtensibilityGlobals) = postSolution
		SolutionGuid = {158B1C1E-6914-4547-AC8D-2977DE0C1450}
	EndGlobalSection
EndGlobal
